{
    "_meta": {
        "hash": {
            "sha256": "06cd97109a0b24d86eb3ef072a3dc8f20cb569a8ef8585e5e69c58fe7fa9b8f4"
        },
        "pipfile-spec": 6,
        "requires": {
            "python_version": "3.12"
        },
        "sources": [
            {
                "name": "pypi",
                "url": "https://pypi.org/simple",
                "verify_ssl": true
            }
        ]
    },
    "default": {},
    "develop": {}
}
